// !$*UTF8*$!
{
	archiveVersion = 1;
	classes = {
	};
	objectVersion = 46;
	objects = {

/* Begin PBXBuildFile section */
		09B36C751E9A69020014F8E2 /* AppDelegate.swift in Sources */ = {isa = PBXBuildFile; fileRef = 09B36C741E9A69020014F8E2 /* AppDelegate.swift */; };
		09B36C771E9A69020014F8E2 /* ViewController.swift in Sources */ = {isa = PBXBuildFile; fileRef = 09B36C761E9A69020014F8E2 /* ViewController.swift */; };
		09B36C7A1E9A69020014F8E2 /* Main.storyboard in Resources */ = {isa = PBXBuildFile; fileRef = 09B36C781E9A69020014F8E2 /* Main.storyboard */; };
		09B36C7C1E9A69020014F8E2 /* Assets.xcassets in Resources */ = {isa = PBXBuildFile; fileRef = 09B36C7B1E9A69020014F8E2 /* Assets.xcassets */; };
		09B36C7F1E9A69020014F8E2 /* LaunchScreen.storyboard in Resources */ = {isa = PBXBuildFile; fileRef = 09B36C7D1E9A69020014F8E2 /* LaunchScreen.storyboard */; };
/* End PBXBuildFile section */

/* Begin PBXFileReference section */
		09B36C711E9A69020014F8E2 /* Swift App.app */ = {isa = PBXFileReference; explicitFileType = wrapper.application; includeInIndex = 0; path = "Swift App.app"; sourceTree = BUILT_PRODUCTS_DIR; };
		09B36C741E9A69020014F8E2 /* AppDelegate.swift */ = {isa = PBXFileReference; lastKnownFileType = sourcecode.swift; path = AppDelegate.swift; sourceTree = "<group>"; };
		09B36C761E9A69020014F8E2 /* ViewController.swift */ = {isa = PBXFileReference; lastKnownFileType = sourcecode.swift; path = ViewController.swift; sourceTree = "<group>"; };
		09B36C791E9A69020014F8E2 /* Base */ = {isa = PBXFileReference; lastKnownFileType = file.storyboard; name = Base; path = Base.lproj/Main.storyboard; sourceTree = "<group>"; };
		09B36C7B1E9A69020014F8E2 /* Assets.xcassets */ = {isa = PBXFileReference; lastKnownFileType = folder.assetcatalog; path = Assets.xcassets; sourceTree = "<group>"; };
		09B36C7E1E9A69020014F8E2 /* Base */ = {isa = PBXFileReference; lastKnownFileType = file.storyboard; name = Base; path = Base.lproj/LaunchScreen.storyboard; sourceTree = "<group>"; };
		09B36C801E9A69020014F8E2 /* Info.plist */ = {isa = PBXFileReference; lastKnownFileType = text.plist.xml; path = Info.plist; sourceTree = "<group>"; };
/* End PBXFileReference section */

/* Begin PBXFrameworksBuildPhase section */
		09B36C6E1E9A69020014F8E2 /* Frameworks */ = {
			isa = PBXFrameworksBuildPhase;
			buildActionMask = 2147483647;
			files = (
			);
			runOnlyForDeploymentPostprocessing = 0;
		};
/* End PBXFrameworksBuildPhase section */

/* Begin PBXGroup section */
		09B36C681E9A69020014F8E2 = {
			isa = PBXGroup;
			children = (
				09B36C731E9A69020014F8E2 /* Swift App */,
				09B36C721E9A69020014F8E2 /* Products */,
			);
			sourceTree = "<group>";
		};
		09B36C721E9A69020014F8E2 /* Products */ = {
			isa = PBXGroup;
			children = (
				09B36C711E9A69020014F8E2 /* Swift App.app */,
			);
			name = Products;
			sourceTree = "<group>";
		};
		09B36C731E9A69020014F8E2 /* Swift App */ = {
			isa = PBXGroup;
			children = (
				09B36C741E9A69020014F8E2 /* AppDelegate.swift */,
				09B36C761E9A69020014F8E2 /* ViewController.swift */,
				09B36C781E9A69020014F8E2 /* Main.storyboard */,
				09B36C7B1E9A69020014F8E2 /* Assets.xcassets */,
				09B36C7D1E9A69020014F8E2 /* LaunchScreen.storyboard */,
				09B36C801E9A69020014F8E2 /* Info.plist */,
			);
			path = "Swift App";
			sourceTree = "<group>";
		};
/* End PBXGroup section */

/* Begin PBXNativeTarget section */
		09B36C701E9A69020014F8E2 /* Swift App */ = {
			isa = PBXNativeTarget;
			buildConfigurationList = 09B36C831E9A69020014F8E2 /* Build configuration list for PBXNativeTarget "Swift App" */;
			buildPhases = (
				09B36C6D1E9A69020014F8E2 /* Sources */,
				09B36C6E1E9A69020014F8E2 /* Frameworks */,
				09B36C6F1E9A69020014F8E2 /* Resources */,
			);
			buildRules = (
			);
			dependencies = (
			);
			name = "Swift App";
			productName = "Swift App";
			productReference = 09B36C711E9A69020014F8E2 /* Swift App.app */;
			productType = "com.apple.product-type.application";
		};
/* End PBXNativeTarget section */

/* Begin PBXProject section */
		09B36C691E9A69020014F8E2 /* Project object */ = {
			isa = PBXProject;
			attributes = {
				LastSwiftUpdateCheck = 0830;
				LastUpgradeCheck = 0830;
				ORGANIZATIONNAME = Anetta;
				TargetAttributes = {
					09B36C701E9A69020014F8E2 = {
						CreatedOnToolsVersion = 8.3.1;
						DevelopmentTeam = 4283R8LE9K;
						ProvisioningStyle = Automatic;
					};
				};
			};
			buildConfigurationList = 09B36C6C1E9A69020014F8E2 /* Build configuration list for PBXProject "Swift App" */;
			compatibilityVersion = "Xcode 3.2";
			developmentRegion = English;
			hasScannedForEncodings = 0;
			knownRegions = (
				en,
				Base,
			);
			mainGroup = 09B36C681E9A69020014F8E2;
			productRefGroup = 09B36C721E9A69020014F8E2 /* Products */;
			projectDirPath = "";
			projectRoot = "";
			targets = (
				09B36C701E9A69020014F8E2 /* Swift App */,
			);
		};
/* End PBXProject section */

/* Begin PBXResourcesBuildPhase section */
		09B36C6F1E9A69020014F8E2 /* Resources */ = {
			isa = PBXResourcesBuildPhase;
			buildActionMask = 2147483647;
			files = (
				09B36C7F1E9A69020014F8E2 /* LaunchScreen.storyboard in Resources */,
				09B36C7C1E9A69020014F8E2 /* Assets.xcassets in Resources */,
				09B36C7A1E9A69020014F8E2 /* Main.storyboard in Resources */,
			);
			runOnlyForDeploymentPostprocessing = 0;
		};
/* End PBXResourcesBuildPhase section */

/* Begin PBXSourcesBuildPhase section */
		09B36C6D1E9A69020014F8E2 /* Sources */ = {
			isa = PBXSourcesBuildPhase;
			buildActionMask = 2147483647;
			files = (
				09B36C771E9A69020014F8E2 /* ViewController.swift in Sources */,
				09B36C751E9A69020014F8E2 /* AppDelegate.swift in Sources */,
			);
			runOnlyForDeploymentPostprocessing = 0;
		};
/* End PBXSourcesBuildPhase section */

/* Begin PBXVariantGroup section */
		09B36C781E9A69020014F8E2 /* Main.storyboard */ = {
			isa = PBXVariantGroup;
			children = (
				09B36C791E9A69020014F8E2 /* Base */,
			);
			name = Main.storyboard;
			sourceTree = "<group>";
		};
		09B36C7D1E9A69020014F8E2 /* LaunchScreen.storyboard */ = {
			isa = PBXVariantGroup;
			children = (
				09B36C7E1E9A69020014F8E2 /* Base */,
			);
			name = LaunchScreen.storyboard;
			sourceTree = "<group>";
		};
/* End PBXVariantGroup section */

/* Begin XCBuildConfiguration section */
		09B36C811E9A69020014F8E2 /* Debug */ = {
			isa = XCBuildConfiguration;
			buildSettings = {
				ALWAYS_SEARCH_USER_PATHS = NO;
				CLANG_ANALYZER_NONNULL = YES;
				CLANG_ANALYZER_NUMBER_OBJECT_CONVERSION = YES_AGGRESSIVE;
				CLANG_CXX_LANGUAGE_STANDARD = "gnu++0x";
				CLANG_CXX_LIBRARY = "libc++";
				CLANG_ENABLE_MODULES = YES;
				CLANG_ENABLE_OBJC_ARC = YES;
				CLANG_WARN_BOOL_CONVERSION = YES;
				CLANG_WARN_CONSTANT_CONVERSION = YES;
				CLANG_WARN_DIRECT_OBJC_ISA_USAGE = YES_ERROR;
				CLANG_WARN_DOCUMENTATION_COMMENTS = YES;
				CLANG_WARN_EMPTY_BODY = YES;
				CLANG_WARN_ENUM_CONVERSION = YES;
				CLANG_WARN_INFINITE_RECURSION = YES;
				CLANG_WARN_INT_CONVERSION = YES;
				CLANG_WARN_OBJC_ROOT_CLASS = YES_ERROR;
				CLANG_WARN_SUSPICIOUS_MOVE = YES;
				CLANG_WARN_UNREACHABLE_CODE = YES;
				CLANG_WARN__DUPLICATE_METHOD_MATCH = YES;
				"CODE_SIGN_IDENTITY[sdk=iphoneos*]" = "iPhone Developer";
				COPY_PHASE_STRIP = NO;
				DEBUG_INFORMATION_FORMAT = dwarf;
				ENABLE_STRICT_OBJC_MSGSEND = YES;
				ENABLE_TESTABILITY = YES;
				GCC_C_LANGUAGE_STANDARD = gnu99;
				GCC_DYNAMIC_NO_PIC = NO;
				GCC_NO_COMMON_BLOCKS = YES;
				GCC_OPTIMIZATION_LEVEL = 0;
				GCC_PREPROCESSOR_DEFINITIONS = (
					"DEBUG=1",
					"$(inherited)",
				);
				GCC_WARN_64_TO_32_BIT_CONVERSION = YES;
				GCC_WARN_ABOUT_RETURN_TYPE = YES_ERROR;
				GCC_WARN_UNDECLARED_SELECTOR = YES;
				GCC_WARN_UNINITIALIZED_AUTOS = YES_AGGRESSIVE;
				GCC_WARN_UNUSED_FUNCTION = YES;
				GCC_WARN_UNUSED_VARIABLE = YES;
				IPHONEOS_DEPLOYMENT_TARGET = 10.3;
				MTL_ENABLE_DEBUG_INFO = YES;
				ONLY_ACTIVE_ARCH = YES;
				SDKROOT = iphoneos;
				SWIFT_ACTIVE_COMPILATION_CONDITIONS = DEBUG;
				SWIFT_OPTIMIZATION_LEVEL = "-Onone";
				TARGETED_DEVICE_FAMILY = "1,2";
			};
			name = Debug;
		};
		09B36C821E9A69020014F8E2 /* Release */ = {
			isa = XCBuildConfiguration;
			buildSettings = {
				ALWAYS_SEARCH_USER_PATHS = NO;
				CLANG_ANALYZER_NONNULL = YES;
				CLANG_ANALYZER_NUMBER_OBJECT_CONVERSION = YES_AGGRESSIVE;
				CLANG_CXX_LANGUAGE_STANDARD = "gnu++0x";
				CLANG_CXX_LIBRARY = "libc++";
				CLANG_ENABLE_MODULES = YES;
				CLANG_ENABLE_OBJC_ARC = YES;
				CLANG_WARN_BOOL_CONVERSION = YES;
				CLANG_WARN_CONSTANT_CONVERSION = YES;
				CLANG_WARN_DIRECT_OBJC_ISA_USAGE = YES_ERROR;
				CLANG_WARN_DOCUMENTATION_COMMENTS = YES;
				CLANG_WARN_EMPTY_BODY = YES;
				CLANG_WARN_ENUM_CONVERSION = YES;
				CLANG_WARN_INFINITE_RECURSION = YES;
				CLANG_WARN_INT_CONVERSION = YES;
				CLANG_WARN_OBJC_ROOT_CLASS = YES_ERROR;
				CLANG_WARN_SUSPICIOUS_MOVE = YES;
				CLANG_WARN_UNREACHABLE_CODE = YES;
				CLANG_WARN__DUPLICATE_METHOD_MATCH = YES;
				"CODE_SIGN_IDENTITY[sdk=iphoneos*]" = "iPhone Developer";
				COPY_PHASE_STRIP = NO;
				DEBUG_INFORMATION_FORMAT = "dwarf-with-dsym";
				ENABLE_NS_ASSERTIONS = NO;
				ENABLE_STRICT_OBJC_MSGSEND = YES;
				GCC_C_LANGUAGE_STANDARD = gnu99;
				GCC_NO_COMMON_BLOCKS = YES;
				GCC_WARN_64_TO_32_BIT_CONVERSION = YES;
				GCC_WARN_ABOUT_RETURN_TYPE = YES_ERROR;
				GCC_WARN_UNDECLARED_SELECTOR = YES;
				GCC_WARN_UNINITIALIZED_AUTOS = YES_AGGRESSIVE;
				GCC_WARN_UNUSED_FUNCTION = YES;
				GCC_WARN_UNUSED_VARIABLE = YES;
				IPHONEOS_DEPLOYMENT_TARGET = 10.3;
				MTL_ENABLE_DEBUG_INFO = NO;
				SDKROOT = iphoneos;
				SWIFT_OPTIMIZATION_LEVEL = "-Owholemodule";
				TARGETED_DEVICE_FAMILY = "1,2";
				VALIDATE_PRODUCT = YES;
			};
			name = Release;
		};
		09B36C841E9A69020014F8E2 /* Debug */ = {
			isa = XCBuildConfiguration;
			buildSettings = {
				ASSETCATALOG_COMPILER_APPICON_NAME = AppIcon;
				DEVELOPMENT_TEAM = 4283R8LE9K;
				INFOPLIST_FILE = "Swift App/Info.plist";
				IPHONEOS_DEPLOYMENT_TARGET = 10.1;
				LD_RUNPATH_SEARCH_PATHS = "$(inherited) @executable_path/Frameworks";
				PRODUCT_BUNDLE_IDENTIFIER = "com.Zappy.Swift-App";
				PRODUCT_NAME = "$(TARGET_NAME)";
				SWIFT_VERSION = 3.0;
			};
			name = Debug;
		};
		09B36C851E9A69020014F8E2 /* Release */ = {
			isa = XCBuildConfiguration;
			buildSettings = {
				ASSETCATALOG_COMPILER_APPICON_NAME = AppIcon;
				DEVELOPMENT_TEAM = 4283R8LE9K;
				INFOPLIST_FILE = "Swift App/Info.plist";
				IPHONEOS_DEPLOYMENT_TARGET = 10.1;
				LD_RUNPATH_SEARCH_PATHS = "$(inherited) @executable_path/Frameworks";
				PRODUCT_BUNDLE_IDENTIFIER = "com.Zappy.Swift-App";
				PRODUCT_NAME = "$(TARGET_NAME)";
				SWIFT_VERSION = 3.0;
			};
			name = Release;
		};
/* End XCBuildConfiguration section */

/* Begin XCConfigurationList section */
		09B36C6C1E9A69020014F8E2 /* Build configuration list for PBXProject "Swift App" */ = {
			isa = XCConfigurationList;
			buildConfigurations = (
				09B36C811E9A69020014F8E2 /* Debug */,
				09B36C821E9A69020014F8E2 /* Release */,
			);
			defaultConfigurationIsVisible = 0;
			defaultConfigurationName = Release;
		};
		09B36C831E9A69020014F8E2 /* Build configuration list for PBXNativeTarget "Swift App" */ = {
			isa = XCConfigurationList;
			buildConfigurations = (
				09B36C841E9A69020014F8E2 /* Debug */,
				09B36C851E9A69020014F8E2 /* Release */,
			);
			defaultConfigurationIsVisible = 0;
		};
/* End XCConfigurationList section */
	};
	rootObject = 09B36C691E9A69020014F8E2 /* Project object */;
}
